PODS:
  - KalturaNetKit (1.5.1):
    - KalturaNetKit/Core (= 1.5.1)
  - KalturaNetKit/Core (1.5.1):
    - SwiftyJSON (= 5.0.0)
  - Mux-Stats-Core (3.11.0)
  - Mux-Stats-Kaltura (1.2.0):
    - Mux-Stats-Core (~> 3.5)
    - PlayKit (~> 3.21)
  - ObjcExceptionBridging (1.0.1):
    - ObjcExceptionBridging/ObjcExceptionBridging (= 1.0.1)
  - ObjcExceptionBridging/ObjcExceptionBridging (1.0.1)
  - PlayKit (3.24.0):
    - PlayKit/Core (= 3.24.0)
  - PlayKit/Core (3.24.0):
    - KalturaNetKit (~> 1.5.1)
    - PlayKitUtils (~> 0.5)
    - SwiftyJSON (= 5.0.0)
    - XCGLogger (= 7.0.0)
  - PlayKitUtils (0.5.0)
  - SwiftyJSON (5.0.0)
  - XCGLogger (7.0.0):
    - XCGLogger/Core (= 7.0.0)
  - XCGLogger/Core (7.0.0):
    - ObjcExceptionBridging

DEPENDENCIES:
  - Mux-Stats-Kaltura (from `../../`)

SPEC REPOS:
  trunk:
    - KalturaNetKit
    - Mux-Stats-Core
    - ObjcExceptionBridging
    - PlayKit
    - PlayKitUtils
    - SwiftyJSON
    - XCGLogger

EXTERNAL SOURCES:
  Mux-Stats-Kaltura:
    :path: "../../"

SPEC CHECKSUMS:
  KalturaNetKit: 8774fdc2e73d3d013c3df88aa49376dd922d3606
  Mux-Stats-Core: 0415ae94508651e151f0e82e2d954955059d5b67
  Mux-Stats-Kaltura: 4a3e63b1283c159bdb2151c97326a6c6200fc915
  ObjcExceptionBridging: c30e00eb3700467e695faeea30e26e18bd445001
  PlayKit: ccb50808c5ddbf416d309b42a000b9086ef69149
  PlayKitUtils: 8edb43515c8b91d9aa9a47ae8b5af1e7dd58f6f3
  SwiftyJSON: 36413e04c44ee145039d332b4f4e2d3e8d6c4db7
  XCGLogger: 0434f15e3909cdc450bb63faf638b8792ab782ab

PODFILE CHECKSUM: 23a9501d770572f224e7b442b76b9c45c21bc549

COCOAPODS: 1.11.3
